
Microsoft Visual Studio Solution File, Format Version 12.00
# Visual Studio Version 16
VisualStudioVersion = 16.0.28922.388
MinimumVisualStudioVersion = 10.0.40219.1
Project("{FAE04EC0-301F-11D3-BF4B-00C04F79EFBC}") = "GolfHandicapMobile.Android", "GolfHandicapMobile.Android\GolfHandicapMobile.Android.csproj", "{07FFCABD-A372-40F3-8878-55038469A562}"
EndProject
Project("{9A19103F-16F7-4668-BE54-9A1E7A4F7556}") = "GolfHandicapMobile", "GolfHandicapMobile\GolfHandicapMobile.csproj", "{5F894494-56D7-40F9-8305-F0EF4E086353}"
EndProject
Project("{2150E333-8FDC-42A3-9474-1A3956D46DE8}") = "src", "src", "{FD7004D4-6335-4254-BE8D-37CBCE257C8D}"
EndProject
Project("{FAE04EC0-301F-11D3-BF4B-00C04F79EFBC}") = "GolfHandicapMobile.IntegrationTests", "GolfHandicapMobile.IntegrationTests\GolfHandicapMobile.IntegrationTests.csproj", "{770212D5-B135-4A26-BB13-6776806CBC74}"
EndProject
Project("{9A19103F-16F7-4668-BE54-9A1E7A4F7556}") = "GolfHandicapMobile.MockAPI", "GolfHandicapMobile.MockManagementAPI\GolfHandicapMobile.MockAPI.csproj", "{FA2433AF-4935-4FA5-B120-A1FE7F2D9160}"
EndProject
Project("{9A19103F-16F7-4668-BE54-9A1E7A4F7556}") = "GolfHandicapMobile.MockDatabase", "GolfHandicapMobile.MockDatabase\GolfHandicapMobile.MockDatabase.csproj", "{E5E15BC2-2186-49B8-B903-89D82DAE604A}"
EndProject
Project("{2150E333-8FDC-42A3-9474-1A3956D46DE8}") = "test", "test", "{D0D6C104-A20A-40F3-9E37-EC48965A12DB}"
EndProject
Global
	GlobalSection(SolutionConfigurationPlatforms) = preSolution
		Debug|Any CPU = Debug|Any CPU
		Integration|Any CPU = Integration|Any CPU
		Release|Any CPU = Release|Any CPU
	EndGlobalSection
	GlobalSection(ProjectConfigurationPlatforms) = postSolution
		{07FFCABD-A372-40F3-8878-55038469A562}.Debug|Any CPU.ActiveCfg = Debug|Any CPU
		{07FFCABD-A372-40F3-8878-55038469A562}.Debug|Any CPU.Build.0 = Debug|Any CPU
		{07FFCABD-A372-40F3-8878-55038469A562}.Debug|Any CPU.Deploy.0 = Debug|Any CPU
		{07FFCABD-A372-40F3-8878-55038469A562}.Integration|Any CPU.ActiveCfg = Release|Any CPU
		{07FFCABD-A372-40F3-8878-55038469A562}.Integration|Any CPU.Build.0 = Release|Any CPU
		{07FFCABD-A372-40F3-8878-55038469A562}.Integration|Any CPU.Deploy.0 = Release|Any CPU
		{07FFCABD-A372-40F3-8878-55038469A562}.Release|Any CPU.ActiveCfg = Release|Any CPU
		{07FFCABD-A372-40F3-8878-55038469A562}.Release|Any CPU.Build.0 = Release|Any CPU
		{07FFCABD-A372-40F3-8878-55038469A562}.Release|Any CPU.Deploy.0 = Release|Any CPU
		{5F894494-56D7-40F9-8305-F0EF4E086353}.Debug|Any CPU.ActiveCfg = Debug|Any CPU
		{5F894494-56D7-40F9-8305-F0EF4E086353}.Debug|Any CPU.Build.0 = Debug|Any CPU
		{5F894494-56D7-40F9-8305-F0EF4E086353}.Debug|Any CPU.Deploy.0 = Debug|Any CPU
		{5F894494-56D7-40F9-8305-F0EF4E086353}.Integration|Any CPU.ActiveCfg = Release|Any CPU
		{5F894494-56D7-40F9-8305-F0EF4E086353}.Integration|Any CPU.Build.0 = Release|Any CPU
		{5F894494-56D7-40F9-8305-F0EF4E086353}.Release|Any CPU.ActiveCfg = Release|Any CPU
		{5F894494-56D7-40F9-8305-F0EF4E086353}.Release|Any CPU.Build.0 = Release|Any CPU
		{5F894494-56D7-40F9-8305-F0EF4E086353}.Release|Any CPU.Deploy.0 = Release|Any CPU
		{770212D5-B135-4A26-BB13-6776806CBC74}.Debug|Any CPU.ActiveCfg = Debug|Any CPU
		{770212D5-B135-4A26-BB13-6776806CBC74}.Debug|Any CPU.Build.0 = Debug|Any CPU
		{770212D5-B135-4A26-BB13-6776806CBC74}.Integration|Any CPU.ActiveCfg = Release|Any CPU
		{770212D5-B135-4A26-BB13-6776806CBC74}.Integration|Any CPU.Build.0 = Release|Any CPU
		{770212D5-B135-4A26-BB13-6776806CBC74}.Release|Any CPU.ActiveCfg = Release|Any CPU
		{770212D5-B135-4A26-BB13-6776806CBC74}.Release|Any CPU.Build.0 = Release|Any CPU
		{FA2433AF-4935-4FA5-B120-A1FE7F2D9160}.Debug|Any CPU.ActiveCfg = Debug|Any CPU
		{FA2433AF-4935-4FA5-B120-A1FE7F2D9160}.Debug|Any CPU.Build.0 = Debug|Any CPU
		{FA2433AF-4935-4FA5-B120-A1FE7F2D9160}.Integration|Any CPU.ActiveCfg = Integration|Any CPU
		{FA2433AF-4935-4FA5-B120-A1FE7F2D9160}.Integration|Any CPU.Build.0 = Integration|Any CPU
		{FA2433AF-4935-4FA5-B120-A1FE7F2D9160}.Release|Any CPU.ActiveCfg = Release|Any CPU
		{FA2433AF-4935-4FA5-B120-A1FE7F2D9160}.Release|Any CPU.Build.0 = Release|Any CPU
		{E5E15BC2-2186-49B8-B903-89D82DAE604A}.Debug|Any CPU.ActiveCfg = Debug|Any CPU
		{E5E15BC2-2186-49B8-B903-89D82DAE604A}.Debug|Any CPU.Build.0 = Debug|Any CPU
		{E5E15BC2-2186-49B8-B903-89D82DAE604A}.Integration|Any CPU.ActiveCfg = Debug|Any CPU
		{E5E15BC2-2186-49B8-B903-89D82DAE604A}.Integration|Any CPU.Build.0 = Debug|Any CPU
		{E5E15BC2-2186-49B8-B903-89D82DAE604A}.Release|Any CPU.ActiveCfg = Release|Any CPU
		{E5E15BC2-2186-49B8-B903-89D82DAE604A}.Release|Any CPU.Build.0 = Release|Any CPU
	EndGlobalSection
	GlobalSection(SolutionProperties) = preSolution
		HideSolutionNode = FALSE
	EndGlobalSection
	GlobalSection(NestedProjects) = preSolution
		{07FFCABD-A372-40F3-8878-55038469A562} = {FD7004D4-6335-4254-BE8D-37CBCE257C8D}
		{5F894494-56D7-40F9-8305-F0EF4E086353} = {FD7004D4-6335-4254-BE8D-37CBCE257C8D}
		{770212D5-B135-4A26-BB13-6776806CBC74} = {D0D6C104-A20A-40F3-9E37-EC48965A12DB}
		{FA2433AF-4935-4FA5-B120-A1FE7F2D9160} = {D0D6C104-A20A-40F3-9E37-EC48965A12DB}
		{E5E15BC2-2186-49B8-B903-89D82DAE604A} = {D0D6C104-A20A-40F3-9E37-EC48965A12DB}
	EndGlobalSection
	GlobalSection(ExtensibilityGlobals) = postSolution
		SolutionGuid = {55EA4973-26E1-4172-89D1-A8043DD6EF4A}
	EndGlobalSection
EndGlobal
